
Microsoft Visual Studio Solution File, Format Version 12.00
# Visual Studio Version 16
VisualStudioVersion = 16.0.29920.165
MinimumVisualStudioVersion = 10.0.40219.1
Project("{FAE04EC0-301F-11D3-BF4B-00C04F79EFBC}") = "SGNWebAppCli", "SGNWebAppCli\SGNWebAppCli.csproj", "{0D159AE2-4541-4AAD-BE09-2A8153128217}"
EndProject
Global
	GlobalSection(SolutionConfigurationPlatforms) = preSolution
		Debug|Any CPU = Debug|Any CPU
		Release|Any CPU = Release|Any CPU
	EndGlobalSection
	GlobalSection(ProjectConfigurationPlatforms) = postSolution
		{0D159AE2-4541-4AAD-BE09-2A8153128217}.Debug|Any CPU.ActiveCfg = Debug|Any CPU
		{0D159AE2-4541-4AAD-BE09-2A8153128217}.Debug|Any CPU.Build.0 = Debug|Any CPU
		{0D159AE2-4541-4AAD-BE09-2A8153128217}.Release|Any CPU.ActiveCfg = Release|Any CPU
		{0D159AE2-4541-4AAD-BE09-2A8153128217}.Release|Any CPU.Build.0 = Release|Any CPU
	EndGlobalSection
	GlobalSection(SolutionProperties) = preSolution
		HideSolutionNode = FALSE
	EndGlobalSection
	GlobalSection(ExtensibilityGlobals) = postSolution
		SolutionGuid = {95ACB9D5-492C-48F6-8C64-1A6D13B08221}
	EndGlobalSection
EndGlobal
